{
  "nodes": {
    "chaotic": {
      "inputs": {
        "flake-schemas": "flake-schemas",
        "home-manager": "home-manager",
        "nixpkgs": "nixpkgs"
      },
      "locked": {
        "lastModified": 1784553029,
        "narHash": "sha256-XD0Imf8A0k74v5nTxb31/Ld9np9kL0vLDXqOla2YbNM=",
        "ref": "nyxpkgs-unstable",
        "rev": "da9d7f5d2aab98630fbd1eaef87825bb33c23aa1",
        "revCount": 6270,
        "type": "git",
        "url": "https://v6.gh-proxy.org/https://github.com/chaotic-cx/nyx.git"
      },
      "original": {
        "ref": "nyxpkgs-unstable",
        "type": "git",
        "url": "https://v6.gh-proxy.org/https://github.com/chaotic-cx/nyx.git"
      }
    },
    "flake-schemas": {
      "locked": {
        "lastModified": 1780327564,
        "narHash": "sha256-HiRPtA0spK+Dkgbhz/1zW9glXxNVB+L4Rj2VYmdawb8=",
        "rev": "6cc9bd98891b1fc6bb2b8cb3277df8bc72799ca6",
        "revCount": 149,
        "type": "tarball",
        "url": "https://api.flakehub.com/f/pinned/DeterminateSystems/flake-schemas/0.5.0/019e83cf-9af3-78b1-ac5b-70e68ad1efe1/source.tar.gz"
      },
      "original": {
        "type": "tarball",
        "url": "https://flakehub.com/f/DeterminateSystems/flake-schemas/%3D0.5.0.tar.gz"
      }
    },
    "home-manager": {
      "inputs": {
        "nixpkgs": [
          "chaotic",
          "nixpkgs"
        ]
      },
      "locked": {
        "lastModified": 1784489491,
        "narHash": "sha256-j9maqjx1T8+ljAVntAdSI5hSGCm77QNZz64JF1rJNu0=",
        "owner": "nix-community",
        "repo": "home-manager",
        "rev": "3139deb8cafbe73b39b24451255b2fdd3426077e",
        "type": "github"
      },
      "original": {
        "owner": "nix-community",
        "repo": "home-manager",
        "type": "github"
      }
    },
    "home-manager_2": {
      "inputs": {
        "nixpkgs": [
          "nixpkgs"
        ]
      },
      "locked": {
        "lastModified": 1784129366,
        "narHash": "sha256-N5JiyICSeQF14x+OQebNyPpYowOT9Rs1iKyeCylSzOA=",
        "ref": "refs/heads/master",
        "rev": "165228b0efefc3e635e5174020c40ea64271dc25",
        "revCount": 7063,
        "type": "git",
        "url": "ssh://git@gitee.com/mirrors/home-manager-nix.git"
      },
      "original": {
        "type": "git",
        "url": "ssh://git@gitee.com/mirrors/home-manager-nix.git"
      }
    },
    "nix-waywallen": {
      "inputs": {
        "nixpkgs": [
          "nixpkgs"
        ],
        "open-wallpaper-engine-src": "open-wallpaper-engine-src",
        "waywallen-display-src": "waywallen-display-src",
        "waywallen-src": "waywallen-src"
      },
      "locked": {
        "lastModified": 1780968760,
        "narHash": "sha256-UaKAmecdKhUh1BgiaLyEvDVgjDtRPrHweTwv7ErhOcQ=",
        "ref": "refs/heads/main",
        "rev": "bc36cfdfaa28ae8d3b8da3b9b9a0dcc88980e508",
        "revCount": 45,
        "type": "git",
        "url": "https://v6.gh-proxy.org/https://github.com/gettbitgirl/nix-waywallen.git"
      },
      "original": {
        "type": "git",
        "url": "https://v6.gh-proxy.org/https://github.com/gettbitgirl/nix-waywallen.git"
      }
    },
    "nixos-hardware": {
      "inputs": {
        "nixpkgs": "nixpkgs_2"
      },
      "locked": {
        "lastModified": 1784100666,
        "narHash": "sha256-HF/mrw5NYQfKFZgkfV2h1UL5/E3ccfsE2XJ1AbbLLJ0=",
        "ref": "refs/heads/master",
        "rev": "fccfa9031a85b78a437f2f153c1f6449f3bc3185",
        "revCount": 2818,
        "type": "git",
        "url": "ssh://git@gitee.com/mirrors/nixos-hardware.git"
      },
      "original": {
        "type": "git",
        "url": "ssh://git@gitee.com/mirrors/nixos-hardware.git"
      }
    },
    "nixpkgs": {
      "locked": {
        "lastModified": 1784497964,
        "narHash": "sha256-vlHUuqAcbcH2RKmHbPiuQzbv1pnzzavXnI62RD0bqCU=",
        "owner": "NixOS",
        "repo": "nixpkgs",
        "rev": "241313f4e8e508cb9b13278c2b0fa25b9ca27163",
        "type": "github"
      },
      "original": {
        "owner": "NixOS",
        "ref": "nixos-unstable",
        "repo": "nixpkgs",
        "type": "github"
      }
    },
    "nixpkgs_2": {
      "locked": {
        "lastModified": 1767892417,
        "narHash": "sha256-8bW3q88CEg2u4hSP66Vf4lpbLonHz7hqDNBMcCY7E9U=",
        "rev": "3497aa5c9457a9d88d71fa93a4a8368816fbeeba",
        "type": "tarball",
        "url": "https://releases.nixos.org/nixos/unstable/nixos-26.05pre924538.3497aa5c9457/nixexprs.tar.xz"
      },
      "original": {
        "type": "tarball",
        "url": "https://channels.nixos.org/nixos-unstable/nixexprs.tar.xz"
      }
    },
    "nixpkgs_3": {
      "locked": {
        "lastModified": 1784120854,
        "narHash": "sha256-KesHgItiZPgGX740axSiQLcIQ8D24MDqNpkKYWIek8k=",
        "ref": "nixos-unstable",
        "rev": "753cc8a3a87467296ddd1fa93f0cc3e81120ee46",
        "shallow": true,
        "type": "git",
        "url": "https://mirrors.nju.edu.cn/git/nixpkgs.git"
      },
      "original": {
        "ref": "nixos-unstable",
        "shallow": true,
        "type": "git",
        "url": "https://mirrors.nju.edu.cn/git/nixpkgs.git"
      }
    },
    "open-wallpaper-engine-src": {
      "flake": false,
      "locked": {
        "lastModified": 1780838765,
        "narHash": "sha256-6x1rcLx4kt+Suz50fMqjf5jkNazogAibM30juBEEz5s=",
        "owner": "waywallen",
        "repo": "open-wallpaper-engine",
        "rev": "740daacb9f8a3921b169722a76f17201d210aeea",
        "type": "github"
      },
      "original": {
        "owner": "waywallen",
        "repo": "open-wallpaper-engine",
        "type": "github"
      }
    },
    "root": {
      "inputs": {
        "chaotic": "chaotic",
        "home-manager": "home-manager_2",
        "nix-waywallen": "nix-waywallen",
        "nixos-hardware": "nixos-hardware",
        "nixpkgs": "nixpkgs_3"
      }
    },
    "waywallen-display-src": {
      "flake": false,
      "locked": {
        "lastModified": 1780729681,
        "narHash": "sha256-7Zem/95tJxa/n+0PtxXvDGwiAroeS2/GEMrF/70u8OI=",
        "owner": "waywallen",
        "repo": "waywallen-display",
        "rev": "69bcdc0b968b5a8bcaa313131c0bc6aea15ade02",
        "type": "github"
      },
      "original": {
        "owner": "waywallen",
        "repo": "waywallen-display",
        "type": "github"
      }
    },
    "waywallen-src": {
      "flake": false,
      "locked": {
        "lastModified": 1780842953,
        "narHash": "sha256-W6AwxUL8Gz/ye5ezORFksg4i29bmuU//F9EI/zW49OE=",
        "owner": "waywallen",
        "repo": "waywallen",
        "rev": "04b57c07e18566e4de1e12deaeb00324fe37a282",
        "type": "github"
      },
      "original": {
        "owner": "waywallen",
        "repo": "waywallen",
        "type": "github"
      }
    }
  },
  "root": "root",
  "version": 7
}
